
Microsoft Visual Studio Solution File, Format Version 11.00
# Visual Studio 2010
Project("{FAE04EC0-301F-11D3-BF4B-00C04F79EFBC}") = "Assembly-CSharp", "Assembly-CSharp.csproj", "{bc156085-24b8-4939-86b7-faa8bca76f93}"
EndProject
Project("{FAE04EC0-301F-11D3-BF4B-00C04F79EFBC}") = "PlayFab", "PlayFab.csproj", "{a1cce32b-e488-6f0b-18d3-b4fc2fb19e09}"
EndProject
Project("{FAE04EC0-301F-11D3-BF4B-00C04F79EFBC}") = "PlayFabEditorExtensions", "PlayFabEditorExtensions.csproj", "{ca99879b-4281-9f5e-89b8-36d398b9685f}"
EndProject
Project("{FAE04EC0-301F-11D3-BF4B-00C04F79EFBC}") = "PlayFabSDKEditor", "PlayFabSDKEditor.csproj", "{045617f1-cbfe-a1ce-698d-a99471bafe0d}"
EndProject
Global
	GlobalSection(SolutionConfigurationPlatforms) = preSolution
		Debug|Any CPU = Debug|Any CPU
		Release|Any CPU = Release|Any CPU
	EndGlobalSection
	GlobalSection(ProjectConfigurationPlatforms) = postSolution
		{bc156085-24b8-4939-86b7-faa8bca76f93}.Debug|Any CPU.ActiveCfg = Debug|Any CPU
		{bc156085-24b8-4939-86b7-faa8bca76f93}.Debug|Any CPU.Build.0 = Debug|Any CPU
		{bc156085-24b8-4939-86b7-faa8bca76f93}.Release|Any CPU.ActiveCfg = Release|Any CPU
		{bc156085-24b8-4939-86b7-faa8bca76f93}.Release|Any CPU.Build.0 = Release|Any CPU
		{a1cce32b-e488-6f0b-18d3-b4fc2fb19e09}.Debug|Any CPU.ActiveCfg = Debug|Any CPU
		{a1cce32b-e488-6f0b-18d3-b4fc2fb19e09}.Debug|Any CPU.Build.0 = Debug|Any CPU
		{a1cce32b-e488-6f0b-18d3-b4fc2fb19e09}.Release|Any CPU.ActiveCfg = Release|Any CPU
		{a1cce32b-e488-6f0b-18d3-b4fc2fb19e09}.Release|Any CPU.Build.0 = Release|Any CPU
		{ca99879b-4281-9f5e-89b8-36d398b9685f}.Debug|Any CPU.ActiveCfg = Debug|Any CPU
		{ca99879b-4281-9f5e-89b8-36d398b9685f}.Debug|Any CPU.Build.0 = Debug|Any CPU
		{ca99879b-4281-9f5e-89b8-36d398b9685f}.Release|Any CPU.ActiveCfg = Release|Any CPU
		{ca99879b-4281-9f5e-89b8-36d398b9685f}.Release|Any CPU.Build.0 = Release|Any CPU
		{045617f1-cbfe-a1ce-698d-a99471bafe0d}.Debug|Any CPU.ActiveCfg = Debug|Any CPU
		{045617f1-cbfe-a1ce-698d-a99471bafe0d}.Debug|Any CPU.Build.0 = Debug|Any CPU
		{045617f1-cbfe-a1ce-698d-a99471bafe0d}.Release|Any CPU.ActiveCfg = Release|Any CPU
		{045617f1-cbfe-a1ce-698d-a99471bafe0d}.Release|Any CPU.Build.0 = Release|Any CPU
	EndGlobalSection
	GlobalSection(SolutionProperties) = preSolution
		HideSolutionNode = FALSE
	EndGlobalSection
EndGlobal
